
Microsoft Visual Studio Solution File, Format Version 12.00
# Visual Studio Version 17
VisualStudioVersion = 17.5.33516.290
MinimumVisualStudioVersion = 10.0.40219.1
Project("{9A19103F-16F7-4668-BE54-9A1E7A4F7556}") = "iDent.Web", "iDent.Web\iDent.Web.csproj", "{A53B5B26-0C1E-452E-9FD2-5B8E2EBBA6F5}"
EndProject
Project("{9A19103F-16F7-4668-BE54-9A1E7A4F7556}") = "iDent.API", "iDent.API\iDent.API.csproj", "{50FAE732-BD0C-4A65-898F-6BEF48C33C9B}"
EndProject
Project("{9A19103F-16F7-4668-BE54-9A1E7A4F7556}") = "iDent.ModelLibrary", "iDent.ModelLibrary\iDent.ModelLibrary.csproj", "{5A311750-DCE2-4AB3-A9EB-824D13672DE2}"
EndProject
Project("{FAE04EC0-301F-11D3-BF4B-00C04F79EFBC}") = "iDent.Mobile", "iDent.Mobile\iDent.Mobile.csproj", "{2D7562B4-5BB4-4FF0-9011-D7CD4E526994}"
EndProject
Global
	GlobalSection(SolutionConfigurationPlatforms) = preSolution
		Debug|Any CPU = Debug|Any CPU
		Release|Any CPU = Release|Any CPU
	EndGlobalSection
	GlobalSection(ProjectConfigurationPlatforms) = postSolution
		{A53B5B26-0C1E-452E-9FD2-5B8E2EBBA6F5}.Debug|Any CPU.ActiveCfg = Debug|Any CPU
		{A53B5B26-0C1E-452E-9FD2-5B8E2EBBA6F5}.Debug|Any CPU.Build.0 = Debug|Any CPU
		{A53B5B26-0C1E-452E-9FD2-5B8E2EBBA6F5}.Release|Any CPU.ActiveCfg = Release|Any CPU
		{A53B5B26-0C1E-452E-9FD2-5B8E2EBBA6F5}.Release|Any CPU.Build.0 = Release|Any CPU
		{50FAE732-BD0C-4A65-898F-6BEF48C33C9B}.Debug|Any CPU.ActiveCfg = Debug|Any CPU
		{50FAE732-BD0C-4A65-898F-6BEF48C33C9B}.Debug|Any CPU.Build.0 = Debug|Any CPU
		{50FAE732-BD0C-4A65-898F-6BEF48C33C9B}.Release|Any CPU.ActiveCfg = Release|Any CPU
		{50FAE732-BD0C-4A65-898F-6BEF48C33C9B}.Release|Any CPU.Build.0 = Release|Any CPU
		{5A311750-DCE2-4AB3-A9EB-824D13672DE2}.Debug|Any CPU.ActiveCfg = Debug|Any CPU
		{5A311750-DCE2-4AB3-A9EB-824D13672DE2}.Debug|Any CPU.Build.0 = Debug|Any CPU
		{5A311750-DCE2-4AB3-A9EB-824D13672DE2}.Release|Any CPU.ActiveCfg = Release|Any CPU
		{5A311750-DCE2-4AB3-A9EB-824D13672DE2}.Release|Any CPU.Build.0 = Release|Any CPU
		{2D7562B4-5BB4-4FF0-9011-D7CD4E526994}.Debug|Any CPU.ActiveCfg = Debug|Any CPU
		{2D7562B4-5BB4-4FF0-9011-D7CD4E526994}.Debug|Any CPU.Build.0 = Debug|Any CPU
		{2D7562B4-5BB4-4FF0-9011-D7CD4E526994}.Debug|Any CPU.Deploy.0 = Debug|Any CPU
		{2D7562B4-5BB4-4FF0-9011-D7CD4E526994}.Release|Any CPU.ActiveCfg = Release|Any CPU
		{2D7562B4-5BB4-4FF0-9011-D7CD4E526994}.Release|Any CPU.Build.0 = Release|Any CPU
		{2D7562B4-5BB4-4FF0-9011-D7CD4E526994}.Release|Any CPU.Deploy.0 = Release|Any CPU
	EndGlobalSection
	GlobalSection(SolutionProperties) = preSolution
		HideSolutionNode = FALSE
	EndGlobalSection
	GlobalSection(ExtensibilityGlobals) = postSolution
		SolutionGuid = {03B68DC4-8BD8-475F-90DB-9A3C5FF92026}
	EndGlobalSection
EndGlobal
